{
  "name": "f4sh-ilw",
  "version": "1.0.0",
  "lockfileVersion": 3,
  "requires": true,
  "packages": {
    "": {
      "name": "f4sh-ilw",
      "version": "1.0.0",
      "license": "MIT",
      "dependencies": {
        "workbox-precaching": "^7.1.0"
      }
    },
    "node_modules/workbox-core": {
      "version": "7.1.0",
      "resolved": "https://registry.npmjs.org/workbox-core/-/workbox-core-7.1.0.tgz",
      "integrity": "sha512-5KB4KOY8rtL31nEF7BfvU7FMzKT4B5TkbYa2tzkS+Peqj0gayMT9SytSFtNzlrvMaWgv6y/yvP9C0IbpFjV30Q=="
    },
    "node_modules/workbox-precaching": {
      "version": "7.1.0",
      "resolved": "https://registry.npmjs.org/workbox-precaching/-/workbox-precaching-7.1.0.tgz",
      "integrity": "sha512-LyxzQts+UEpgtmfnolo0hHdNjoB7EoRWcF7EDslt+lQGd0lW4iTvvSe3v5JiIckQSB5KTW5xiCqjFviRKPj1zA==",
      "dependencies": {
        "workbox-core": "7.1.0",
        "workbox-routing": "7.1.0",
        "workbox-strategies": "7.1.0"
      }
    },
    "node_modules/workbox-routing": {
      "version": "7.1.0",
      "resolved": "https://registry.npmjs.org/workbox-routing/-/workbox-routing-7.1.0.tgz",
      "integrity": "sha512-oOYk+kLriUY2QyHkIilxUlVcFqwduLJB7oRZIENbqPGeBP/3TWHYNNdmGNhz1dvKuw7aqvJ7CQxn27/jprlTdg==",
      "dependencies": {
        "workbox-core": "7.1.0"
      }
    },
    "node_modules/workbox-strategies": {
      "version": "7.1.0",
      "resolved": "https://registry.npmjs.org/workbox-strategies/-/workbox-strategies-7.1.0.tgz",
      "integrity": "sha512-/UracPiGhUNehGjRm/tLUQ+9PtWmCbRufWtV0tNrALuf+HZ4F7cmObSEK+E4/Bx1p8Syx2tM+pkIrvtyetdlew==",
      "dependencies": {
        "workbox-core": "7.1.0"
      }
    }
  }
}
